
Microsoft Visual Studio Solution File, Format Version 12.00
# Visual Studio Version 17
VisualStudioVersion = 17.1.32421.90
MinimumVisualStudioVersion = 10.0.40219.1
Project("{9A19103F-16F7-4668-BE54-9A1E7A4F7556}") = "Cms.Domain", "Cms.Domain\Cms.Domain.csproj", "{9F4B56B9-17E6-45B4-85DA-7C3A20044445}"
EndProject
Project("{FAE04EC0-301F-11D3-BF4B-00C04F79EFBC}") = "Cms.Domain.UnitTests", "Cms.Domain.UnitTests\Cms.Domain.UnitTests.csproj", "{BE4A5299-676F-4DA7-9650-FF2BDD69BCD2}"
EndProject
Global
	GlobalSection(SolutionConfigurationPlatforms) = preSolution
		Debug|Any CPU = Debug|Any CPU
		Release|Any CPU = Release|Any CPU
	EndGlobalSection
	GlobalSection(ProjectConfigurationPlatforms) = postSolution
		{9F4B56B9-17E6-45B4-85DA-7C3A20044445}.Debug|Any CPU.ActiveCfg = Debug|Any CPU
		{9F4B56B9-17E6-45B4-85DA-7C3A20044445}.Debug|Any CPU.Build.0 = Debug|Any CPU
		{9F4B56B9-17E6-45B4-85DA-7C3A20044445}.Release|Any CPU.ActiveCfg = Release|Any CPU
		{9F4B56B9-17E6-45B4-85DA-7C3A20044445}.Release|Any CPU.Build.0 = Release|Any CPU
		{BE4A5299-676F-4DA7-9650-FF2BDD69BCD2}.Debug|Any CPU.ActiveCfg = Debug|Any CPU
		{BE4A5299-676F-4DA7-9650-FF2BDD69BCD2}.Debug|Any CPU.Build.0 = Debug|Any CPU
		{BE4A5299-676F-4DA7-9650-FF2BDD69BCD2}.Release|Any CPU.ActiveCfg = Release|Any CPU
		{BE4A5299-676F-4DA7-9650-FF2BDD69BCD2}.Release|Any CPU.Build.0 = Release|Any CPU
	EndGlobalSection
	GlobalSection(SolutionProperties) = preSolution
		HideSolutionNode = FALSE
	EndGlobalSection
	GlobalSection(ExtensibilityGlobals) = postSolution
		SolutionGuid = {683310C5-14EE-4521-8350-E3725E8D1141}
	EndGlobalSection
EndGlobal
